// !$*UTF8*$!
{
	archiveVersion = 1;
	classes = {
	};
	objectVersion = 50;
	objects = {

/* Begin PBXBuildFile section */
		B18F3704216D9BDE0090F097 /* AppDelegate.m in Sources */ = {isa = PBXBuildFile; fileRef = B18F3703216D9BDE0090F097 /* AppDelegate.m */; };
		B18F3707216D9BDE0090F097 /* ViewController.m in Sources */ = {isa = PBXBuildFile; fileRef = B18F3706216D9BDE0090F097 /* ViewController.m */; };
		B18F370A216D9BDE0090F097 /* Main.storyboard in Resources */ = {isa = PBXBuildFile; fileRef = B18F3708216D9BDE0090F097 /* Main.storyboard */; };
		B18F370C216D9BDF0090F097 /* Assets.xcassets in Resources */ = {isa = PBXBuildFile; fileRef = B18F370B216D9BDF0090F097 /* Assets.xcassets */; };
		B18F370F216D9BDF0090F097 /* LaunchScreen.storyboard in Resources */ = {isa = PBXBuildFile; fileRef = B18F370D216D9BDF0090F097 /* LaunchScreen.storyboard */; };
		B18F3712216D9BDF0090F097 /* main.m in Sources */ = {isa = PBXBuildFile; fileRef = B18F3711216D9BDF0090F097 /* main.m */; };
		B18F371A216D9C620090F097 /* PAlertVC.m in Sources */ = {isa = PBXBuildFile; fileRef = B18F3719216D9C620090F097 /* PAlertVC.m */; };
		B18F3723216DAE420090F097 /* PCustomPresentVC.m in Sources */ = {isa = PBXBuildFile; fileRef = B18F3722216DAE420090F097 /* PCustomPresentVC.m */; };
		B18F3756216F2DC40090F097 /* UIViewController+PPresentVC.m in Sources */ = {isa = PBXBuildFile; fileRef = B18F3755216F2DC40090F097 /* UIViewController+PPresentVC.m */; };
		B18F3759216F2EF00090F097 /* PPresentAnimation.m in Sources */ = {isa = PBXBuildFile; fileRef = B18F3758216F2EF00090F097 /* PPresentAnimation.m */; };
		B18F375C216F3C660090F097 /* PPresentationVC.m in Sources */ = {isa = PBXBuildFile; fileRef = B18F375B216F3C660090F097 /* PPresentationVC.m */; };
		B1C9C6F02174740F00E3072D /* PDetailVC.m in Sources */ = {isa = PBXBuildFile; fileRef = B1C9C6EE2174740F00E3072D /* PDetailVC.m */; };
		B1C9C6F12174740F00E3072D /* PDetailVC.xib in Resources */ = {isa = PBXBuildFile; fileRef = B1C9C6EF2174740F00E3072D /* PDetailVC.xib */; };
/* End PBXBuildFile section */

/* Begin PBXFileReference section */
		B18F36FF216D9BDD0090F097 /* PresstationDemo.app */ = {isa = PBXFileReference; explicitFileType = wrapper.application; includeInIndex = 0; path = PresstationDemo.app; sourceTree = BUILT_PRODUCTS_DIR; };
		B18F3702216D9BDE0090F097 /* AppDelegate.h */ = {isa = PBXFileReference; lastKnownFileType = sourcecode.c.h; path = AppDelegate.h; sourceTree = "<group>"; };
		B18F3703216D9BDE0090F097 /* AppDelegate.m */ = {isa = PBXFileReference; lastKnownFileType = sourcecode.c.objc; path = AppDelegate.m; sourceTree = "<group>"; };
		B18F3705216D9BDE0090F097 /* ViewController.h */ = {isa = PBXFileReference; lastKnownFileType = sourcecode.c.h; path = ViewController.h; sourceTree = "<group>"; };
		B18F3706216D9BDE0090F097 /* ViewController.m */ = {isa = PBXFileReference; lastKnownFileType = sourcecode.c.objc; path = ViewController.m; sourceTree = "<group>"; };
		B18F3709216D9BDE0090F097 /* Base */ = {isa = PBXFileReference; lastKnownFileType = file.storyboard; name = Base; path = Base.lproj/Main.storyboard; sourceTree = "<group>"; };
		B18F370B216D9BDF0090F097 /* Assets.xcassets */ = {isa = PBXFileReference; lastKnownFileType = folder.assetcatalog; path = Assets.xcassets; sourceTree = "<group>"; };
		B18F370E216D9BDF0090F097 /* Base */ = {isa = PBXFileReference; lastKnownFileType = file.storyboard; name = Base; path = Base.lproj/LaunchScreen.storyboard; sourceTree = "<group>"; };
		B18F3710216D9BDF0090F097 /* Info.plist */ = {isa = PBXFileReference; lastKnownFileType = text.plist.xml; path = Info.plist; sourceTree = "<group>"; };
		B18F3711216D9BDF0090F097 /* main.m */ = {isa = PBXFileReference; lastKnownFileType = sourcecode.c.objc; path = main.m; sourceTree = "<group>"; };
		B18F3718216D9C620090F097 /* PAlertVC.h */ = {isa = PBXFileReference; lastKnownFileType = sourcecode.c.h; path = PAlertVC.h; sourceTree = "<group>"; };
		B18F3719216D9C620090F097 /* PAlertVC.m */ = {isa = PBXFileReference; lastKnownFileType = sourcecode.c.objc; path = PAlertVC.m; sourceTree = "<group>"; };
		B18F3721216DAE420090F097 /* PCustomPresentVC.h */ = {isa = PBXFileReference; lastKnownFileType = sourcecode.c.h; path = PCustomPresentVC.h; sourceTree = "<group>"; };
		B18F3722216DAE420090F097 /* PCustomPresentVC.m */ = {isa = PBXFileReference; lastKnownFileType = sourcecode.c.objc; path = PCustomPresentVC.m; sourceTree = "<group>"; };
		B18F3750216F2B3E0090F097 /* PPresentHeader.h */ = {isa = PBXFileReference; lastKnownFileType = sourcecode.c.h; path = PPresentHeader.h; sourceTree = "<group>"; };
		B18F3754216F2DC40090F097 /* UIViewController+PPresentVC.h */ = {isa = PBXFileReference; lastKnownFileType = sourcecode.c.h; path = "UIViewController+PPresentVC.h"; sourceTree = "<group>"; };
		B18F3755216F2DC40090F097 /* UIViewController+PPresentVC.m */ = {isa = PBXFileReference; lastKnownFileType = sourcecode.c.objc; path = "UIViewController+PPresentVC.m"; sourceTree = "<group>"; };
		B18F3757216F2EF00090F097 /* PPresentAnimation.h */ = {isa = PBXFileReference; lastKnownFileType = sourcecode.c.h; path = PPresentAnimation.h; sourceTree = "<group>"; };
		B18F3758216F2EF00090F097 /* PPresentAnimation.m */ = {isa = PBXFileReference; lastKnownFileType = sourcecode.c.objc; path = PPresentAnimation.m; sourceTree = "<group>"; };
		B18F375A216F3C660090F097 /* PPresentationVC.h */ = {isa = PBXFileReference; lastKnownFileType = sourcecode.c.h; path = PPresentationVC.h; sourceTree = "<group>"; };
		B18F375B216F3C660090F097 /* PPresentationVC.m */ = {isa = PBXFileReference; lastKnownFileType = sourcecode.c.objc; path = PPresentationVC.m; sourceTree = "<group>"; };
		B1C9C6ED2174740F00E3072D /* PDetailVC.h */ = {isa = PBXFileReference; lastKnownFileType = sourcecode.c.h; path = PDetailVC.h; sourceTree = "<group>"; };
		B1C9C6EE2174740F00E3072D /* PDetailVC.m */ = {isa = PBXFileReference; lastKnownFileType = sourcecode.c.objc; path = PDetailVC.m; sourceTree = "<group>"; };
		B1C9C6EF2174740F00E3072D /* PDetailVC.xib */ = {isa = PBXFileReference; lastKnownFileType = file.xib; path = PDetailVC.xib; sourceTree = "<group>"; };
/* End PBXFileReference section */

/* Begin PBXFrameworksBuildPhase section */
		B18F36FC216D9BDD0090F097 /* Frameworks */ = {
			isa = PBXFrameworksBuildPhase;
			buildActionMask = 2147483647;
			files = (
			);
			runOnlyForDeploymentPostprocessing = 0;
		};
/* End PBXFrameworksBuildPhase section */

/* Begin PBXGroup section */
		B18F36F6216D9BDD0090F097 = {
			isa = PBXGroup;
			children = (
				B18F3701216D9BDD0090F097 /* PresstationDemo */,
				B18F3700216D9BDD0090F097 /* Products */,
			);
			sourceTree = "<group>";
		};
		B18F3700216D9BDD0090F097 /* Products */ = {
			isa = PBXGroup;
			children = (
				B18F36FF216D9BDD0090F097 /* PresstationDemo.app */,
			);
			name = Products;
			sourceTree = "<group>";
		};
		B18F3701216D9BDD0090F097 /* PresstationDemo */ = {
			isa = PBXGroup;
			children = (
				B18F3702216D9BDE0090F097 /* AppDelegate.h */,
				B18F3703216D9BDE0090F097 /* AppDelegate.m */,
				B18F375D217040D30090F097 /* PCustomPresentVC */,
				B18F374F216F2B090090F097 /* PresentAnimationVC */,
				B18F3705216D9BDE0090F097 /* ViewController.h */,
				B18F3706216D9BDE0090F097 /* ViewController.m */,
				B18F3718216D9C620090F097 /* PAlertVC.h */,
				B18F3719216D9C620090F097 /* PAlertVC.m */,
				B1C9C6ED2174740F00E3072D /* PDetailVC.h */,
				B1C9C6EE2174740F00E3072D /* PDetailVC.m */,
				B1C9C6EF2174740F00E3072D /* PDetailVC.xib */,
				B18F3708216D9BDE0090F097 /* Main.storyboard */,
				B18F370B216D9BDF0090F097 /* Assets.xcassets */,
				B18F370D216D9BDF0090F097 /* LaunchScreen.storyboard */,
				B18F3710216D9BDF0090F097 /* Info.plist */,
				B18F3711216D9BDF0090F097 /* main.m */,
			);
			path = PresstationDemo;
			sourceTree = "<group>";
		};
		B18F374F216F2B090090F097 /* PresentAnimationVC */ = {
			isa = PBXGroup;
			children = (
				B18F3757216F2EF00090F097 /* PPresentAnimation.h */,
				B18F3758216F2EF00090F097 /* PPresentAnimation.m */,
				B18F375A216F3C660090F097 /* PPresentationVC.h */,
				B18F375B216F3C660090F097 /* PPresentationVC.m */,
				B18F3750216F2B3E0090F097 /* PPresentHeader.h */,
				B18F3754216F2DC40090F097 /* UIViewController+PPresentVC.h */,
				B18F3755216F2DC40090F097 /* UIViewController+PPresentVC.m */,
			);
			path = PresentAnimationVC;
			sourceTree = "<group>";
		};
		B18F375D217040D30090F097 /* PCustomPresentVC */ = {
			isa = PBXGroup;
			children = (
				B18F3721216DAE420090F097 /* PCustomPresentVC.h */,
				B18F3722216DAE420090F097 /* PCustomPresentVC.m */,
			);
			path = PCustomPresentVC;
			sourceTree = "<group>";
		};
/* End PBXGroup section */

/* Begin PBXNativeTarget section */
		B18F36FE216D9BDD0090F097 /* PresstationDemo */ = {
			isa = PBXNativeTarget;
			buildConfigurationList = B18F3715216D9BDF0090F097 /* Build configuration list for PBXNativeTarget "PresstationDemo" */;
			buildPhases = (
				B18F36FB216D9BDD0090F097 /* Sources */,
				B18F36FC216D9BDD0090F097 /* Frameworks */,
				B18F36FD216D9BDD0090F097 /* Resources */,
			);
			buildRules = (
			);
			dependencies = (
			);
			name = PresstationDemo;
			productName = PresstationDemo;
			productReference = B18F36FF216D9BDD0090F097 /* PresstationDemo.app */;
			productType = "com.apple.product-type.application";
		};
/* End PBXNativeTarget section */

/* Begin PBXProject section */
		B18F36F7216D9BDD0090F097 /* Project object */ = {
			isa = PBXProject;
			attributes = {
				LastUpgradeCheck = 1000;
				ORGANIZATIONNAME = "平晓行";
				TargetAttributes = {
					B18F36FE216D9BDD0090F097 = {
						CreatedOnToolsVersion = 10.0;
					};
				};
			};
			buildConfigurationList = B18F36FA216D9BDD0090F097 /* Build configuration list for PBXProject "PresstationDemo" */;
			compatibilityVersion = "Xcode 9.3";
			developmentRegion = en;
			hasScannedForEncodings = 0;
			knownRegions = (
				en,
				Base,
			);
			mainGroup = B18F36F6216D9BDD0090F097;
			productRefGroup = B18F3700216D9BDD0090F097 /* Products */;
			projectDirPath = "";
			projectRoot = "";
			targets = (
				B18F36FE216D9BDD0090F097 /* PresstationDemo */,
			);
		};
/* End PBXProject section */

/* Begin PBXResourcesBuildPhase section */
		B18F36FD216D9BDD0090F097 /* Resources */ = {
			isa = PBXResourcesBuildPhase;
			buildActionMask = 2147483647;
			files = (
				B18F370F216D9BDF0090F097 /* LaunchScreen.storyboard in Resources */,
				B18F370C216D9BDF0090F097 /* Assets.xcassets in Resources */,
				B1C9C6F12174740F00E3072D /* PDetailVC.xib in Resources */,
				B18F370A216D9BDE0090F097 /* Main.storyboard in Resources */,
			);
			runOnlyForDeploymentPostprocessing = 0;
		};
/* End PBXResourcesBuildPhase section */

/* Begin PBXSourcesBuildPhase section */
		B18F36FB216D9BDD0090F097 /* Sources */ = {
			isa = PBXSourcesBuildPhase;
			buildActionMask = 2147483647;
			files = (
				B18F3723216DAE420090F097 /* PCustomPresentVC.m in Sources */,
				B1C9C6F02174740F00E3072D /* PDetailVC.m in Sources */,
				B18F375C216F3C660090F097 /* PPresentationVC.m in Sources */,
				B18F3707216D9BDE0090F097 /* ViewController.m in Sources */,
				B18F3712216D9BDF0090F097 /* main.m in Sources */,
				B18F371A216D9C620090F097 /* PAlertVC.m in Sources */,
				B18F3759216F2EF00090F097 /* PPresentAnimation.m in Sources */,
				B18F3756216F2DC40090F097 /* UIViewController+PPresentVC.m in Sources */,
				B18F3704216D9BDE0090F097 /* AppDelegate.m in Sources */,
			);
			runOnlyForDeploymentPostprocessing = 0;
		};
/* End PBXSourcesBuildPhase section */

/* Begin PBXVariantGroup section */
		B18F3708216D9BDE0090F097 /* Main.storyboard */ = {
			isa = PBXVariantGroup;
			children = (
				B18F3709216D9BDE0090F097 /* Base */,
			);
			name = Main.storyboard;
			sourceTree = "<group>";
		};
		B18F370D216D9BDF0090F097 /* LaunchScreen.storyboard */ = {
			isa = PBXVariantGroup;
			children = (
				B18F370E216D9BDF0090F097 /* Base */,
			);
			name = LaunchScreen.storyboard;
			sourceTree = "<group>";
		};
/* End PBXVariantGroup section */

/* Begin XCBuildConfiguration section */
		B18F3713216D9BDF0090F097 /* Debug */ = {
			isa = XCBuildConfiguration;
			buildSettings = {
				ALWAYS_SEARCH_USER_PATHS = NO;
				CLANG_ANALYZER_NONNULL = YES;
				CLANG_ANALYZER_NUMBER_OBJECT_CONVERSION = YES_AGGRESSIVE;
				CLANG_CXX_LANGUAGE_STANDARD = "gnu++14";
				CLANG_CXX_LIBRARY = "libc++";
				CLANG_ENABLE_MODULES = YES;
				CLANG_ENABLE_OBJC_ARC = YES;
				CLANG_ENABLE_OBJC_WEAK = YES;
				CLANG_WARN_BLOCK_CAPTURE_AUTORELEASING = YES;
				CLANG_WARN_BOOL_CONVERSION = YES;
				CLANG_WARN_COMMA = YES;
				CLANG_WARN_CONSTANT_CONVERSION = YES;
				CLANG_WARN_DEPRECATED_OBJC_IMPLEMENTATIONS = YES;
				CLANG_WARN_DIRECT_OBJC_ISA_USAGE = YES_ERROR;
				CLANG_WARN_DOCUMENTATION_COMMENTS = YES;
				CLANG_WARN_EMPTY_BODY = YES;
				CLANG_WARN_ENUM_CONVERSION = YES;
				CLANG_WARN_INFINITE_RECURSION = YES;
				CLANG_WARN_INT_CONVERSION = YES;
				CLANG_WARN_NON_LITERAL_NULL_CONVERSION = YES;
				CLANG_WARN_OBJC_IMPLICIT_RETAIN_SELF = YES;
				CLANG_WARN_OBJC_LITERAL_CONVERSION = YES;
				CLANG_WARN_OBJC_ROOT_CLASS = YES_ERROR;
				CLANG_WARN_RANGE_LOOP_ANALYSIS = YES;
				CLANG_WARN_STRICT_PROTOTYPES = YES;
				CLANG_WARN_SUSPICIOUS_MOVE = YES;
				CLANG_WARN_UNGUARDED_AVAILABILITY = YES_AGGRESSIVE;
				CLANG_WARN_UNREACHABLE_CODE = YES;
				CLANG_WARN__DUPLICATE_METHOD_MATCH = YES;
				CODE_SIGN_IDENTITY = "iPhone Developer";
				COPY_PHASE_STRIP = NO;
				DEBUG_INFORMATION_FORMAT = dwarf;
				ENABLE_STRICT_OBJC_MSGSEND = YES;
				ENABLE_TESTABILITY = YES;
				GCC_C_LANGUAGE_STANDARD = gnu11;
				GCC_DYNAMIC_NO_PIC = NO;
				GCC_NO_COMMON_BLOCKS = YES;
				GCC_OPTIMIZATION_LEVEL = 0;
				GCC_PREPROCESSOR_DEFINITIONS = (
					"DEBUG=1",
					"$(inherited)",
				);
				GCC_WARN_64_TO_32_BIT_CONVERSION = YES;
				GCC_WARN_ABOUT_RETURN_TYPE = YES_ERROR;
				GCC_WARN_UNDECLARED_SELECTOR = YES;
				GCC_WARN_UNINITIALIZED_AUTOS = YES_AGGRESSIVE;
				GCC_WARN_UNUSED_FUNCTION = YES;
				GCC_WARN_UNUSED_VARIABLE = YES;
				IPHONEOS_DEPLOYMENT_TARGET = 8.0;
				MTL_ENABLE_DEBUG_INFO = INCLUDE_SOURCE;
				MTL_FAST_MATH = YES;
				ONLY_ACTIVE_ARCH = YES;
				SDKROOT = iphoneos;
			};
			name = Debug;
		};
		B18F3714216D9BDF0090F097 /* Release */ = {
			isa = XCBuildConfiguration;
			buildSettings = {
				ALWAYS_SEARCH_USER_PATHS = NO;
				CLANG_ANALYZER_NONNULL = YES;
				CLANG_ANALYZER_NUMBER_OBJECT_CONVERSION = YES_AGGRESSIVE;
				CLANG_CXX_LANGUAGE_STANDARD = "gnu++14";
				CLANG_CXX_LIBRARY = "libc++";
				CLANG_ENABLE_MODULES = YES;
				CLANG_ENABLE_OBJC_ARC = YES;
				CLANG_ENABLE_OBJC_WEAK = YES;
				CLANG_WARN_BLOCK_CAPTURE_AUTORELEASING = YES;
				CLANG_WARN_BOOL_CONVERSION = YES;
				CLANG_WARN_COMMA = YES;
				CLANG_WARN_CONSTANT_CONVERSION = YES;
				CLANG_WARN_DEPRECATED_OBJC_IMPLEMENTATIONS = YES;
				CLANG_WARN_DIRECT_OBJC_ISA_USAGE = YES_ERROR;
				CLANG_WARN_DOCUMENTATION_COMMENTS = YES;
				CLANG_WARN_EMPTY_BODY = YES;
				CLANG_WARN_ENUM_CONVERSION = YES;
				CLANG_WARN_INFINITE_RECURSION = YES;
				CLANG_WARN_INT_CONVERSION = YES;
				CLANG_WARN_NON_LITERAL_NULL_CONVERSION = YES;
				CLANG_WARN_OBJC_IMPLICIT_RETAIN_SELF = YES;
				CLANG_WARN_OBJC_LITERAL_CONVERSION = YES;
				CLANG_WARN_OBJC_ROOT_CLASS = YES_ERROR;
				CLANG_WARN_RANGE_LOOP_ANALYSIS = YES;
				CLANG_WARN_STRICT_PROTOTYPES = YES;
				CLANG_WARN_SUSPICIOUS_MOVE = YES;
				CLANG_WARN_UNGUARDED_AVAILABILITY = YES_AGGRESSIVE;
				CLANG_WARN_UNREACHABLE_CODE = YES;
				CLANG_WARN__DUPLICATE_METHOD_MATCH = YES;
				CODE_SIGN_IDENTITY = "iPhone Developer";
				COPY_PHASE_STRIP = NO;
				DEBUG_INFORMATION_FORMAT = "dwarf-with-dsym";
				ENABLE_NS_ASSERTIONS = NO;
				ENABLE_STRICT_OBJC_MSGSEND = YES;
				GCC_C_LANGUAGE_STANDARD = gnu11;
				GCC_NO_COMMON_BLOCKS = YES;
				GCC_WARN_64_TO_32_BIT_CONVERSION = YES;
				GCC_WARN_ABOUT_RETURN_TYPE = YES_ERROR;
				GCC_WARN_UNDECLARED_SELECTOR = YES;
				GCC_WARN_UNINITIALIZED_AUTOS = YES_AGGRESSIVE;
				GCC_WARN_UNUSED_FUNCTION = YES;
				GCC_WARN_UNUSED_VARIABLE = YES;
				IPHONEOS_DEPLOYMENT_TARGET = 8.0;
				MTL_ENABLE_DEBUG_INFO = NO;
				MTL_FAST_MATH = YES;
				SDKROOT = iphoneos;
				VALIDATE_PRODUCT = YES;
			};
			name = Release;
		};
		B18F3716216D9BDF0090F097 /* Debug */ = {
			isa = XCBuildConfiguration;
			buildSettings = {
				ASSETCATALOG_COMPILER_APPICON_NAME = AppIcon;
				CODE_SIGN_STYLE = Manual;
				DEVELOPMENT_TEAM = "";
				INFOPLIST_FILE = PresstationDemo/Info.plist;
				IPHONEOS_DEPLOYMENT_TARGET = 12.0;
				LD_RUNPATH_SEARCH_PATHS = (
					"$(inherited)",
					"@executable_path/Frameworks",
				);
				PRODUCT_BUNDLE_IDENTIFIER = pxx.PresstationDemo;
				PRODUCT_NAME = "$(TARGET_NAME)";
				PROVISIONING_PROFILE_SPECIFIER = "";
				TARGETED_DEVICE_FAMILY = "1,2";
			};
			name = Debug;
		};
		B18F3717216D9BDF0090F097 /* Release */ = {
			isa = XCBuildConfiguration;
			buildSettings = {
				ASSETCATALOG_COMPILER_APPICON_NAME = AppIcon;
				CODE_SIGN_STYLE = Manual;
				DEVELOPMENT_TEAM = "";
				INFOPLIST_FILE = PresstationDemo/Info.plist;
				IPHONEOS_DEPLOYMENT_TARGET = 12.0;
				LD_RUNPATH_SEARCH_PATHS = (
					"$(inherited)",
					"@executable_path/Frameworks",
				);
				PRODUCT_BUNDLE_IDENTIFIER = pxx.PresstationDemo;
				PRODUCT_NAME = "$(TARGET_NAME)";
				PROVISIONING_PROFILE_SPECIFIER = "";
				TARGETED_DEVICE_FAMILY = "1,2";
			};
			name = Release;
		};
/* End XCBuildConfiguration section */

/* Begin XCConfigurationList section */
		B18F36FA216D9BDD0090F097 /* Build configuration list for PBXProject "PresstationDemo" */ = {
			isa = XCConfigurationList;
			buildConfigurations = (
				B18F3713216D9BDF0090F097 /* Debug */,
				B18F3714216D9BDF0090F097 /* Release */,
			);
			defaultConfigurationIsVisible = 0;
			defaultConfigurationName = Release;
		};
		B18F3715216D9BDF0090F097 /* Build configuration list for PBXNativeTarget "PresstationDemo" */ = {
			isa = XCConfigurationList;
			buildConfigurations = (
				B18F3716216D9BDF0090F097 /* Debug */,
				B18F3717216D9BDF0090F097 /* Release */,
			);
			defaultConfigurationIsVisible = 0;
			defaultConfigurationName = Release;
		};
/* End XCConfigurationList section */
	};
	rootObject = B18F36F7216D9BDD0090F097 /* Project object */;
}
